
Microsoft Visual Studio Solution File, Format Version 12.00
# Visual Studio Version 16
VisualStudioVersion = 16.0.29920.165
MinimumVisualStudioVersion = 10.0.40219.1
Project("{FAE04EC0-301F-11D3-BF4B-00C04F79EFBC}") = "EU4 Province Generator", "EU4 Province Generator\EU4 Province Generator.csproj", "{6DAA1C9B-CB5E-449B-B825-DE11FF0D66C8}"
EndProject
Global
	GlobalSection(SolutionConfigurationPlatforms) = preSolution
		Debug|Any CPU = Debug|Any CPU
		Release|Any CPU = Release|Any CPU
	EndGlobalSection
	GlobalSection(ProjectConfigurationPlatforms) = postSolution
		{6DAA1C9B-CB5E-449B-B825-DE11FF0D66C8}.Debug|Any CPU.ActiveCfg = Debug|Any CPU
		{6DAA1C9B-CB5E-449B-B825-DE11FF0D66C8}.Debug|Any CPU.Build.0 = Debug|Any CPU
		{6DAA1C9B-CB5E-449B-B825-DE11FF0D66C8}.Release|Any CPU.ActiveCfg = Release|Any CPU
		{6DAA1C9B-CB5E-449B-B825-DE11FF0D66C8}.Release|Any CPU.Build.0 = Release|Any CPU
	EndGlobalSection
	GlobalSection(SolutionProperties) = preSolution
		HideSolutionNode = FALSE
	EndGlobalSection
	GlobalSection(ExtensibilityGlobals) = postSolution
		SolutionGuid = {49CBD62B-084E-45C9-B240-0EDB5E62C68A}
	EndGlobalSection
EndGlobal
